// !$*UTF8*$!
{
	archiveVersion = 1;
	classes = {
	};
	objectVersion = 50;
	objects = {

/* Begin PBXBuildFile section */
		14D715402517402C004EF127 /* AppDelegate.swift in Sources */ = {isa = PBXBuildFile; fileRef = 14D7153F2517402C004EF127 /* AppDelegate.swift */; };
		14D715422517402C004EF127 /* SceneDelegate.swift in Sources */ = {isa = PBXBuildFile; fileRef = 14D715412517402C004EF127 /* SceneDelegate.swift */; };
		14D715442517402C004EF127 /* ViewController.swift in Sources */ = {isa = PBXBuildFile; fileRef = 14D715432517402C004EF127 /* ViewController.swift */; };
		14D715472517402C004EF127 /* Main.storyboard in Resources */ = {isa = PBXBuildFile; fileRef = 14D715452517402C004EF127 /* Main.storyboard */; };
		14D715492517402E004EF127 /* Assets.xcassets in Resources */ = {isa = PBXBuildFile; fileRef = 14D715482517402E004EF127 /* Assets.xcassets */; };
		14D7154C2517402E004EF127 /* LaunchScreen.storyboard in Resources */ = {isa = PBXBuildFile; fileRef = 14D7154A2517402E004EF127 /* LaunchScreen.storyboard */; };
		14D7155625175BF8004EF127 /* MainViewController.swift in Sources */ = {isa = PBXBuildFile; fileRef = 14D7155525175BF8004EF127 /* MainViewController.swift */; };
/* End PBXBuildFile section */

/* Begin PBXFileReference section */
		14D7153C2517402C004EF127 /* iOS14Photo.app */ = {isa = PBXFileReference; explicitFileType = wrapper.application; includeInIndex = 0; path = iOS14Photo.app; sourceTree = BUILT_PRODUCTS_DIR; };
		14D7153F2517402C004EF127 /* AppDelegate.swift */ = {isa = PBXFileReference; lastKnownFileType = sourcecode.swift; path = AppDelegate.swift; sourceTree = "<group>"; };
		14D715412517402C004EF127 /* SceneDelegate.swift */ = {isa = PBXFileReference; lastKnownFileType = sourcecode.swift; path = SceneDelegate.swift; sourceTree = "<group>"; };
		14D715432517402C004EF127 /* ViewController.swift */ = {isa = PBXFileReference; lastKnownFileType = sourcecode.swift; path = ViewController.swift; sourceTree = "<group>"; };
		14D715462517402C004EF127 /* Base */ = {isa = PBXFileReference; lastKnownFileType = file.storyboard; name = Base; path = Base.lproj/Main.storyboard; sourceTree = "<group>"; };
		14D715482517402E004EF127 /* Assets.xcassets */ = {isa = PBXFileReference; lastKnownFileType = folder.assetcatalog; path = Assets.xcassets; sourceTree = "<group>"; };
		14D7154B2517402E004EF127 /* Base */ = {isa = PBXFileReference; lastKnownFileType = file.storyboard; name = Base; path = Base.lproj/LaunchScreen.storyboard; sourceTree = "<group>"; };
		14D7154D2517402E004EF127 /* Info.plist */ = {isa = PBXFileReference; lastKnownFileType = text.plist.xml; path = Info.plist; sourceTree = "<group>"; };
		14D7155525175BF8004EF127 /* MainViewController.swift */ = {isa = PBXFileReference; lastKnownFileType = sourcecode.swift; path = MainViewController.swift; sourceTree = "<group>"; };
/* End PBXFileReference section */

/* Begin PBXFrameworksBuildPhase section */
		14D715392517402C004EF127 /* Frameworks */ = {
			isa = PBXFrameworksBuildPhase;
			buildActionMask = 2147483647;
			files = (
			);
			runOnlyForDeploymentPostprocessing = 0;
		};
/* End PBXFrameworksBuildPhase section */

/* Begin PBXGroup section */
		14D715332517402C004EF127 = {
			isa = PBXGroup;
			children = (
				14D7153E2517402C004EF127 /* iOS14Photo */,
				14D7153D2517402C004EF127 /* Products */,
			);
			sourceTree = "<group>";
		};
		14D7153D2517402C004EF127 /* Products */ = {
			isa = PBXGroup;
			children = (
				14D7153C2517402C004EF127 /* iOS14Photo.app */,
			);
			name = Products;
			sourceTree = "<group>";
		};
		14D7153E2517402C004EF127 /* iOS14Photo */ = {
			isa = PBXGroup;
			children = (
				14D7153F2517402C004EF127 /* AppDelegate.swift */,
				14D715412517402C004EF127 /* SceneDelegate.swift */,
				14D715432517402C004EF127 /* ViewController.swift */,
				14D715452517402C004EF127 /* Main.storyboard */,
				14D715482517402E004EF127 /* Assets.xcassets */,
				14D7154A2517402E004EF127 /* LaunchScreen.storyboard */,
				14D7154D2517402E004EF127 /* Info.plist */,
				14D7155525175BF8004EF127 /* MainViewController.swift */,
			);
			path = iOS14Photo;
			sourceTree = "<group>";
		};
/* End PBXGroup section */

/* Begin PBXNativeTarget section */
		14D7153B2517402C004EF127 /* iOS14Photo */ = {
			isa = PBXNativeTarget;
			buildConfigurationList = 14D715502517402E004EF127 /* Build configuration list for PBXNativeTarget "iOS14Photo" */;
			buildPhases = (
				14D715382517402C004EF127 /* Sources */,
				14D715392517402C004EF127 /* Frameworks */,
				14D7153A2517402C004EF127 /* Resources */,
			);
			buildRules = (
			);
			dependencies = (
			);
			name = iOS14Photo;
			productName = iOS14Photo;
			productReference = 14D7153C2517402C004EF127 /* iOS14Photo.app */;
			productType = "com.apple.product-type.application";
		};
/* End PBXNativeTarget section */

/* Begin PBXProject section */
		14D715342517402C004EF127 /* Project object */ = {
			isa = PBXProject;
			attributes = {
				LastSwiftUpdateCheck = 1220;
				LastUpgradeCheck = 1220;
				TargetAttributes = {
					14D7153B2517402C004EF127 = {
						CreatedOnToolsVersion = 12.2;
					};
				};
			};
			buildConfigurationList = 14D715372517402C004EF127 /* Build configuration list for PBXProject "iOS14Photo" */;
			compatibilityVersion = "Xcode 9.3";
			developmentRegion = en;
			hasScannedForEncodings = 0;
			knownRegions = (
				en,
				Base,
			);
			mainGroup = 14D715332517402C004EF127;
			productRefGroup = 14D7153D2517402C004EF127 /* Products */;
			projectDirPath = "";
			projectRoot = "";
			targets = (
				14D7153B2517402C004EF127 /* iOS14Photo */,
			);
		};
/* End PBXProject section */

/* Begin PBXResourcesBuildPhase section */
		14D7153A2517402C004EF127 /* Resources */ = {
			isa = PBXResourcesBuildPhase;
			buildActionMask = 2147483647;
			files = (
				14D7154C2517402E004EF127 /* LaunchScreen.storyboard in Resources */,
				14D715492517402E004EF127 /* Assets.xcassets in Resources */,
				14D715472517402C004EF127 /* Main.storyboard in Resources */,
			);
			runOnlyForDeploymentPostprocessing = 0;
		};
/* End PBXResourcesBuildPhase section */

/* Begin PBXSourcesBuildPhase section */
		14D715382517402C004EF127 /* Sources */ = {
			isa = PBXSourcesBuildPhase;
			buildActionMask = 2147483647;
			files = (
				14D715442517402C004EF127 /* ViewController.swift in Sources */,
				14D715402517402C004EF127 /* AppDelegate.swift in Sources */,
				14D715422517402C004EF127 /* SceneDelegate.swift in Sources */,
				14D7155625175BF8004EF127 /* MainViewController.swift in Sources */,
			);
			runOnlyForDeploymentPostprocessing = 0;
		};
/* End PBXSourcesBuildPhase section */

/* Begin PBXVariantGroup section */
		14D715452517402C004EF127 /* Main.storyboard */ = {
			isa = PBXVariantGroup;
			children = (
				14D715462517402C004EF127 /* Base */,
			);
			name = Main.storyboard;
			sourceTree = "<group>";
		};
		14D7154A2517402E004EF127 /* LaunchScreen.storyboard */ = {
			isa = PBXVariantGroup;
			children = (
				14D7154B2517402E004EF127 /* Base */,
			);
			name = LaunchScreen.storyboard;
			sourceTree = "<group>";
		};
/* End PBXVariantGroup section */

/* Begin XCBuildConfiguration section */
		14D7154E2517402E004EF127 /* Debug */ = {
			isa = XCBuildConfiguration;
			buildSettings = {
				ALWAYS_SEARCH_USER_PATHS = NO;
				CLANG_ANALYZER_NONNULL = YES;
				CLANG_ANALYZER_NUMBER_OBJECT_CONVERSION = YES_AGGRESSIVE;
				CLANG_CXX_LANGUAGE_STANDARD = "gnu++14";
				CLANG_CXX_LIBRARY = "libc++";
				CLANG_ENABLE_MODULES = YES;
				CLANG_ENABLE_OBJC_ARC = YES;
				CLANG_ENABLE_OBJC_WEAK = YES;
				CLANG_WARN_BLOCK_CAPTURE_AUTORELEASING = YES;
				CLANG_WARN_BOOL_CONVERSION = YES;
				CLANG_WARN_COMMA = YES;
				CLANG_WARN_CONSTANT_CONVERSION = YES;
				CLANG_WARN_DEPRECATED_OBJC_IMPLEMENTATIONS = YES;
				CLANG_WARN_DIRECT_OBJC_ISA_USAGE = YES_ERROR;
				CLANG_WARN_DOCUMENTATION_COMMENTS = YES;
				CLANG_WARN_EMPTY_BODY = YES;
				CLANG_WARN_ENUM_CONVERSION = YES;
				CLANG_WARN_INFINITE_RECURSION = YES;
				CLANG_WARN_INT_CONVERSION = YES;
				CLANG_WARN_NON_LITERAL_NULL_CONVERSION = YES;
				CLANG_WARN_OBJC_IMPLICIT_RETAIN_SELF = YES;
				CLANG_WARN_OBJC_LITERAL_CONVERSION = YES;
				CLANG_WARN_OBJC_ROOT_CLASS = YES_ERROR;
				CLANG_WARN_QUOTED_INCLUDE_IN_FRAMEWORK_HEADER = YES;
				CLANG_WARN_RANGE_LOOP_ANALYSIS = YES;
				CLANG_WARN_STRICT_PROTOTYPES = YES;
				CLANG_WARN_SUSPICIOUS_MOVE = YES;
				CLANG_WARN_UNGUARDED_AVAILABILITY = YES_AGGRESSIVE;
				CLANG_WARN_UNREACHABLE_CODE = YES;
				CLANG_WARN__DUPLICATE_METHOD_MATCH = YES;
				COPY_PHASE_STRIP = NO;
				DEBUG_INFORMATION_FORMAT = dwarf;
				ENABLE_STRICT_OBJC_MSGSEND = YES;
				ENABLE_TESTABILITY = YES;
				GCC_C_LANGUAGE_STANDARD = gnu11;
				GCC_DYNAMIC_NO_PIC = NO;
				GCC_NO_COMMON_BLOCKS = YES;
				GCC_OPTIMIZATION_LEVEL = 0;
				GCC_PREPROCESSOR_DEFINITIONS = (
					"DEBUG=1",
					"$(inherited)",
				);
				GCC_WARN_64_TO_32_BIT_CONVERSION = YES;
				GCC_WARN_ABOUT_RETURN_TYPE = YES_ERROR;
				GCC_WARN_UNDECLARED_SELECTOR = YES;
				GCC_WARN_UNINITIALIZED_AUTOS = YES_AGGRESSIVE;
				GCC_WARN_UNUSED_FUNCTION = YES;
				GCC_WARN_UNUSED_VARIABLE = YES;
				IPHONEOS_DEPLOYMENT_TARGET = 14.0;
				MTL_ENABLE_DEBUG_INFO = INCLUDE_SOURCE;
				MTL_FAST_MATH = YES;
				ONLY_ACTIVE_ARCH = YES;
				SDKROOT = iphoneos;
				SWIFT_ACTIVE_COMPILATION_CONDITIONS = DEBUG;
				SWIFT_OPTIMIZATION_LEVEL = "-Onone";
			};
			name = Debug;
		};
		14D7154F2517402E004EF127 /* Release */ = {
			isa = XCBuildConfiguration;
			buildSettings = {
				ALWAYS_SEARCH_USER_PATHS = NO;
				CLANG_ANALYZER_NONNULL = YES;
				CLANG_ANALYZER_NUMBER_OBJECT_CONVERSION = YES_AGGRESSIVE;
				CLANG_CXX_LANGUAGE_STANDARD = "gnu++14";
				CLANG_CXX_LIBRARY = "libc++";
				CLANG_ENABLE_MODULES = YES;
				CLANG_ENABLE_OBJC_ARC = YES;
				CLANG_ENABLE_OBJC_WEAK = YES;
				CLANG_WARN_BLOCK_CAPTURE_AUTORELEASING = YES;
				CLANG_WARN_BOOL_CONVERSION = YES;
				CLANG_WARN_COMMA = YES;
				CLANG_WARN_CONSTANT_CONVERSION = YES;
				CLANG_WARN_DEPRECATED_OBJC_IMPLEMENTATIONS = YES;
				CLANG_WARN_DIRECT_OBJC_ISA_USAGE = YES_ERROR;
				CLANG_WARN_DOCUMENTATION_COMMENTS = YES;
				CLANG_WARN_EMPTY_BODY = YES;
				CLANG_WARN_ENUM_CONVERSION = YES;
				CLANG_WARN_INFINITE_RECURSION = YES;
				CLANG_WARN_INT_CONVERSION = YES;
				CLANG_WARN_NON_LITERAL_NULL_CONVERSION = YES;
				CLANG_WARN_OBJC_IMPLICIT_RETAIN_SELF = YES;
				CLANG_WARN_OBJC_LITERAL_CONVERSION = YES;
				CLANG_WARN_OBJC_ROOT_CLASS = YES_ERROR;
				CLANG_WARN_QUOTED_INCLUDE_IN_FRAMEWORK_HEADER = YES;
				CLANG_WARN_RANGE_LOOP_ANALYSIS = YES;
				CLANG_WARN_STRICT_PROTOTYPES = YES;
				CLANG_WARN_SUSPICIOUS_MOVE = YES;
				CLANG_WARN_UNGUARDED_AVAILABILITY = YES_AGGRESSIVE;
				CLANG_WARN_UNREACHABLE_CODE = YES;
				CLANG_WARN__DUPLICATE_METHOD_MATCH = YES;
				COPY_PHASE_STRIP = NO;
				DEBUG_INFORMATION_FORMAT = "dwarf-with-dsym";
				ENABLE_NS_ASSERTIONS = NO;
				ENABLE_STRICT_OBJC_MSGSEND = YES;
				GCC_C_LANGUAGE_STANDARD = gnu11;
				GCC_NO_COMMON_BLOCKS = YES;
				GCC_WARN_64_TO_32_BIT_CONVERSION = YES;
				GCC_WARN_ABOUT_RETURN_TYPE = YES_ERROR;
				GCC_WARN_UNDECLARED_SELECTOR = YES;
				GCC_WARN_UNINITIALIZED_AUTOS = YES_AGGRESSIVE;
				GCC_WARN_UNUSED_FUNCTION = YES;
				GCC_WARN_UNUSED_VARIABLE = YES;
				IPHONEOS_DEPLOYMENT_TARGET = 14.0;
				MTL_ENABLE_DEBUG_INFO = NO;
				MTL_FAST_MATH = YES;
				SDKROOT = iphoneos;
				SWIFT_COMPILATION_MODE = wholemodule;
				SWIFT_OPTIMIZATION_LEVEL = "-O";
				VALIDATE_PRODUCT = YES;
			};
			name = Release;
		};
		14D715512517402E004EF127 /* Debug */ = {
			isa = XCBuildConfiguration;
			buildSettings = {
				ASSETCATALOG_COMPILER_APPICON_NAME = AppIcon;
				ASSETCATALOG_COMPILER_GLOBAL_ACCENT_COLOR_NAME = AccentColor;
				CODE_SIGN_STYLE = Automatic;
				DEVELOPMENT_TEAM = 9BD2FZATPN;
				INFOPLIST_FILE = iOS14Photo/Info.plist;
				LD_RUNPATH_SEARCH_PATHS = (
					"$(inherited)",
					"@executable_path/Frameworks",
				);
				PRODUCT_BUNDLE_IDENTIFIER = Zedd.iOS14Photo;
				PRODUCT_NAME = "$(TARGET_NAME)";
				SWIFT_VERSION = 5.0;
				TARGETED_DEVICE_FAMILY = "1,2";
			};
			name = Debug;
		};
		14D715522517402E004EF127 /* Release */ = {
			isa = XCBuildConfiguration;
			buildSettings = {
				ASSETCATALOG_COMPILER_APPICON_NAME = AppIcon;
				ASSETCATALOG_COMPILER_GLOBAL_ACCENT_COLOR_NAME = AccentColor;
				CODE_SIGN_STYLE = Automatic;
				DEVELOPMENT_TEAM = 9BD2FZATPN;
				INFOPLIST_FILE = iOS14Photo/Info.plist;
				LD_RUNPATH_SEARCH_PATHS = (
					"$(inherited)",
					"@executable_path/Frameworks",
				);
				PRODUCT_BUNDLE_IDENTIFIER = Zedd.iOS14Photo;
				PRODUCT_NAME = "$(TARGET_NAME)";
				SWIFT_VERSION = 5.0;
				TARGETED_DEVICE_FAMILY = "1,2";
			};
			name = Release;
		};
/* End XCBuildConfiguration section */

/* Begin XCConfigurationList section */
		14D715372517402C004EF127 /* Build configuration list for PBXProject "iOS14Photo" */ = {
			isa = XCConfigurationList;
			buildConfigurations = (
				14D7154E2517402E004EF127 /* Debug */,
				14D7154F2517402E004EF127 /* Release */,
			);
			defaultConfigurationIsVisible = 0;
			defaultConfigurationName = Release;
		};
		14D715502517402E004EF127 /* Build configuration list for PBXNativeTarget "iOS14Photo" */ = {
			isa = XCConfigurationList;
			buildConfigurations = (
				14D715512517402E004EF127 /* Debug */,
				14D715522517402E004EF127 /* Release */,
			);
			defaultConfigurationIsVisible = 0;
			defaultConfigurationName = Release;
		};
/* End XCConfigurationList section */
	};
	rootObject = 14D715342517402C004EF127 /* Project object */;
}
